
Microsoft Visual Studio Solution File, Format Version 12.00
# Visual Studio Version 17
VisualStudioVersion = 17.1.32407.343
MinimumVisualStudioVersion = 10.0.40219.1
Project("{FAE04EC0-301F-11D3-BF4B-00C04F79EFBC}") = "MaquinaDePasajes", "MaquinaDePasajes.csproj", "{3EBA716E-C2B4-40EF-B72A-5A4239975DB3}"
EndProject
Global
	GlobalSection(SolutionConfigurationPlatforms) = preSolution
		Debug|Any CPU = Debug|Any CPU
		Release|Any CPU = Release|Any CPU
	EndGlobalSection
	GlobalSection(ProjectConfigurationPlatforms) = postSolution
		{3EBA716E-C2B4-40EF-B72A-5A4239975DB3}.Debug|Any CPU.ActiveCfg = Debug|Any CPU
		{3EBA716E-C2B4-40EF-B72A-5A4239975DB3}.Debug|Any CPU.Build.0 = Debug|Any CPU
		{3EBA716E-C2B4-40EF-B72A-5A4239975DB3}.Release|Any CPU.ActiveCfg = Release|Any CPU
		{3EBA716E-C2B4-40EF-B72A-5A4239975DB3}.Release|Any CPU.Build.0 = Release|Any CPU
	EndGlobalSection
	GlobalSection(SolutionProperties) = preSolution
		HideSolutionNode = FALSE
	EndGlobalSection
	GlobalSection(ExtensibilityGlobals) = postSolution
		SolutionGuid = {61BCFE93-90F9-44DC-822F-9274243E2F8E}
	EndGlobalSection
EndGlobal
